
Microsoft Visual Studio Solution File, Format Version 12.00
# Visual Studio Version 17
VisualStudioVersion = 17.0.31912.275
MinimumVisualStudioVersion = 10.0.40219.1
Project("{FAE04EC0-301F-11D3-BF4B-00C04F79EFBC}") = "BankAPI", "BankAPI\BankAPI.csproj", "{A9BECF2B-743D-4D05-9947-CBD2842239CE}"
EndProject
Global
	GlobalSection(SolutionConfigurationPlatforms) = preSolution
		Debug|Any CPU = Debug|Any CPU
		Release|Any CPU = Release|Any CPU
	EndGlobalSection
	GlobalSection(ProjectConfigurationPlatforms) = postSolution
		{A9BECF2B-743D-4D05-9947-CBD2842239CE}.Debug|Any CPU.ActiveCfg = Debug|Any CPU
		{A9BECF2B-743D-4D05-9947-CBD2842239CE}.Debug|Any CPU.Build.0 = Debug|Any CPU
		{A9BECF2B-743D-4D05-9947-CBD2842239CE}.Release|Any CPU.ActiveCfg = Release|Any CPU
		{A9BECF2B-743D-4D05-9947-CBD2842239CE}.Release|Any CPU.Build.0 = Release|Any CPU
	EndGlobalSection
	GlobalSection(SolutionProperties) = preSolution
		HideSolutionNode = FALSE
	EndGlobalSection
	GlobalSection(ExtensibilityGlobals) = postSolution
		SolutionGuid = {D2005FDB-7662-4208-A0C6-F35AFD040ADD}
	EndGlobalSection
EndGlobal
